// !$*UTF8*$!
{
	archiveVersion = 1;
	classes = {
	};
	objectVersion = 46;
	objects = {

/* Begin PBXBuildFile section */
		EEE7CA871E1D5CED002FBAF5 /* main.cpp in Sources */ = {isa = PBXBuildFile; fileRef = EEE7CA861E1D5CED002FBAF5 /* main.cpp */; };
		EEE7CA8F1E1D5D0F002FBAF5 /* AllTests.cpp in Sources */ = {isa = PBXBuildFile; fileRef = EEE7CA8D1E1D5D0F002FBAF5 /* AllTests.cpp */; };
		EEE7CAA41E1D5DFD002FBAF5 /* libcAGE.dylib in Frameworks */ = {isa = PBXBuildFile; fileRef = EEE7CAA31E1D5DFD002FBAF5 /* libcAGE.dylib */; };
		EEE7CAB91E257D96002FBAF5 /* cAGERun.cpp in Sources */ = {isa = PBXBuildFile; fileRef = EEE7CAB71E257D96002FBAF5 /* cAGERun.cpp */; };
/* End PBXBuildFile section */

/* Begin PBXCopyFilesBuildPhase section */
		EEE7CA811E1D5CED002FBAF5 /* CopyFiles */ = {
			isa = PBXCopyFilesBuildPhase;
			buildActionMask = 2147483647;
			dstPath = /usr/share/man/man1/;
			dstSubfolderSpec = 0;
			files = (
			);
			runOnlyForDeploymentPostprocessing = 1;
		};
/* End PBXCopyFilesBuildPhase section */

/* Begin PBXFileReference section */
		EEE7CA831E1D5CED002FBAF5 /* Tests */ = {isa = PBXFileReference; explicitFileType = "compiled.mach-o.executable"; includeInIndex = 0; path = Tests; sourceTree = BUILT_PRODUCTS_DIR; };
		EEE7CA861E1D5CED002FBAF5 /* main.cpp */ = {isa = PBXFileReference; lastKnownFileType = sourcecode.cpp.cpp; path = main.cpp; sourceTree = "<group>"; };
		EEE7CA8D1E1D5D0F002FBAF5 /* AllTests.cpp */ = {isa = PBXFileReference; fileEncoding = 4; lastKnownFileType = sourcecode.cpp.cpp; path = AllTests.cpp; sourceTree = "<group>"; };
		EEE7CA8E1E1D5D0F002FBAF5 /* AllTests.hpp */ = {isa = PBXFileReference; fileEncoding = 4; lastKnownFileType = sourcecode.cpp.h; path = AllTests.hpp; sourceTree = "<group>"; };
		EEE7CAA31E1D5DFD002FBAF5 /* libcAGE.dylib */ = {isa = PBXFileReference; lastKnownFileType = "compiled.mach-o.dylib"; name = libcAGE.dylib; path = ../build/Debug/libcAGE.dylib; sourceTree = "<group>"; };
		EEE7CAB71E257D96002FBAF5 /* cAGERun.cpp */ = {isa = PBXFileReference; fileEncoding = 4; lastKnownFileType = sourcecode.cpp.cpp; path = cAGERun.cpp; sourceTree = "<group>"; };
		EEE7CAB81E257D96002FBAF5 /* cAGERun.hpp */ = {isa = PBXFileReference; fileEncoding = 4; lastKnownFileType = sourcecode.cpp.h; path = cAGERun.hpp; sourceTree = "<group>"; };
/* End PBXFileReference section */

/* Begin PBXFrameworksBuildPhase section */
		EEE7CA801E1D5CED002FBAF5 /* Frameworks */ = {
			isa = PBXFrameworksBuildPhase;
			buildActionMask = 2147483647;
			files = (
				EEE7CAA41E1D5DFD002FBAF5 /* libcAGE.dylib in Frameworks */,
			);
			runOnlyForDeploymentPostprocessing = 0;
		};
/* End PBXFrameworksBuildPhase section */

/* Begin PBXGroup section */
		EEE7CA7A1E1D5CED002FBAF5 = {
			isa = PBXGroup;
			children = (
				EEE7CA851E1D5CED002FBAF5 /* Tests */,
				EEE7CA841E1D5CED002FBAF5 /* Products */,
				EEE7CAA21E1D5DFD002FBAF5 /* Frameworks */,
			);
			sourceTree = "<group>";
		};
		EEE7CA841E1D5CED002FBAF5 /* Products */ = {
			isa = PBXGroup;
			children = (
				EEE7CA831E1D5CED002FBAF5 /* Tests */,
			);
			name = Products;
			sourceTree = "<group>";
		};
		EEE7CA851E1D5CED002FBAF5 /* Tests */ = {
			isa = PBXGroup;
			children = (
				EEE7CA861E1D5CED002FBAF5 /* main.cpp */,
				EEE7CA8E1E1D5D0F002FBAF5 /* AllTests.hpp */,
				EEE7CA8D1E1D5D0F002FBAF5 /* AllTests.cpp */,
				EEE7CAB71E257D96002FBAF5 /* cAGERun.cpp */,
				EEE7CAB81E257D96002FBAF5 /* cAGERun.hpp */,
			);
			path = Tests;
			sourceTree = "<group>";
		};
		EEE7CAA21E1D5DFD002FBAF5 /* Frameworks */ = {
			isa = PBXGroup;
			children = (
				EEE7CAA31E1D5DFD002FBAF5 /* libcAGE.dylib */,
			);
			name = Frameworks;
			sourceTree = "<group>";
		};
/* End PBXGroup section */

/* Begin PBXNativeTarget section */
		EEE7CA821E1D5CED002FBAF5 /* Tests */ = {
			isa = PBXNativeTarget;
			buildConfigurationList = EEE7CA8A1E1D5CED002FBAF5 /* Build configuration list for PBXNativeTarget "Tests" */;
			buildPhases = (
				EEE7CA7F1E1D5CED002FBAF5 /* Sources */,
				EEE7CA801E1D5CED002FBAF5 /* Frameworks */,
				EEE7CA811E1D5CED002FBAF5 /* CopyFiles */,
			);
			buildRules = (
			);
			dependencies = (
			);
			name = Tests;
			productName = Tests;
			productReference = EEE7CA831E1D5CED002FBAF5 /* Tests */;
			productType = "com.apple.product-type.tool";
		};
/* End PBXNativeTarget section */

/* Begin PBXProject section */
		EEE7CA7B1E1D5CED002FBAF5 /* Project object */ = {
			isa = PBXProject;
			attributes = {
				LastUpgradeCheck = 0800;
				ORGANIZATIONNAME = "Peti Wiesner";
				TargetAttributes = {
					EEE7CA821E1D5CED002FBAF5 = {
						CreatedOnToolsVersion = 8.0;
						ProvisioningStyle = Automatic;
					};
				};
			};
			buildConfigurationList = EEE7CA7E1E1D5CED002FBAF5 /* Build configuration list for PBXProject "Tests" */;
			compatibilityVersion = "Xcode 3.2";
			developmentRegion = English;
			hasScannedForEncodings = 0;
			knownRegions = (
				en,
			);
			mainGroup = EEE7CA7A1E1D5CED002FBAF5;
			productRefGroup = EEE7CA841E1D5CED002FBAF5 /* Products */;
			projectDirPath = "";
			projectRoot = "";
			targets = (
				EEE7CA821E1D5CED002FBAF5 /* Tests */,
			);
		};
/* End PBXProject section */

/* Begin PBXSourcesBuildPhase section */
		EEE7CA7F1E1D5CED002FBAF5 /* Sources */ = {
			isa = PBXSourcesBuildPhase;
			buildActionMask = 2147483647;
			files = (
				EEE7CAB91E257D96002FBAF5 /* cAGERun.cpp in Sources */,
				EEE7CA871E1D5CED002FBAF5 /* main.cpp in Sources */,
				EEE7CA8F1E1D5D0F002FBAF5 /* AllTests.cpp in Sources */,
			);
			runOnlyForDeploymentPostprocessing = 0;
		};
/* End PBXSourcesBuildPhase section */

/* Begin XCBuildConfiguration section */
		EEE7CA881E1D5CED002FBAF5 /* Debug */ = {
			isa = XCBuildConfiguration;
			buildSettings = {
				ALWAYS_SEARCH_USER_PATHS = NO;
				CLANG_ANALYZER_NONNULL = YES;
				CLANG_CXX_LANGUAGE_STANDARD = "gnu++0x";
				CLANG_CXX_LIBRARY = "libc++";
				CLANG_ENABLE_MODULES = YES;
				CLANG_ENABLE_OBJC_ARC = YES;
				CLANG_WARN_BOOL_CONVERSION = YES;
				CLANG_WARN_CONSTANT_CONVERSION = YES;
				CLANG_WARN_DIRECT_OBJC_ISA_USAGE = YES_ERROR;
				CLANG_WARN_DOCUMENTATION_COMMENTS = YES;
				CLANG_WARN_EMPTY_BODY = YES;
				CLANG_WARN_ENUM_CONVERSION = YES;
				CLANG_WARN_INFINITE_RECURSION = YES;
				CLANG_WARN_INT_CONVERSION = YES;
				CLANG_WARN_OBJC_ROOT_CLASS = YES_ERROR;
				CLANG_WARN_SUSPICIOUS_MOVES = YES;
				CLANG_WARN_UNREACHABLE_CODE = YES;
				CLANG_WARN__DUPLICATE_METHOD_MATCH = YES;
				CODE_SIGN_IDENTITY = "-";
				COPY_PHASE_STRIP = NO;
				DEBUG_INFORMATION_FORMAT = dwarf;
				ENABLE_STRICT_OBJC_MSGSEND = YES;
				ENABLE_TESTABILITY = YES;
				GCC_C_LANGUAGE_STANDARD = gnu99;
				GCC_DYNAMIC_NO_PIC = NO;
				GCC_NO_COMMON_BLOCKS = YES;
				GCC_OPTIMIZATION_LEVEL = 0;
				GCC_PREPROCESSOR_DEFINITIONS = (
					"DEBUG=1",
					"$(inherited)",
				);
				GCC_WARN_64_TO_32_BIT_CONVERSION = YES;
				GCC_WARN_ABOUT_RETURN_TYPE = YES_ERROR;
				GCC_WARN_UNDECLARED_SELECTOR = YES;
				GCC_WARN_UNINITIALIZED_AUTOS = YES_AGGRESSIVE;
				GCC_WARN_UNUSED_FUNCTION = YES;
				GCC_WARN_UNUSED_VARIABLE = YES;
				MACOSX_DEPLOYMENT_TARGET = 10.12;
				MTL_ENABLE_DEBUG_INFO = YES;
				ONLY_ACTIVE_ARCH = YES;
				SDKROOT = macosx;
			};
			name = Debug;
		};
		EEE7CA891E1D5CED002FBAF5 /* Release */ = {
			isa = XCBuildConfiguration;
			buildSettings = {
				ALWAYS_SEARCH_USER_PATHS = NO;
				CLANG_ANALYZER_NONNULL = YES;
				CLANG_CXX_LANGUAGE_STANDARD = "gnu++0x";
				CLANG_CXX_LIBRARY = "libc++";
				CLANG_ENABLE_MODULES = YES;
				CLANG_ENABLE_OBJC_ARC = YES;
				CLANG_WARN_BOOL_CONVERSION = YES;
				CLANG_WARN_CONSTANT_CONVERSION = YES;
				CLANG_WARN_DIRECT_OBJC_ISA_USAGE = YES_ERROR;
				CLANG_WARN_DOCUMENTATION_COMMENTS = YES;
				CLANG_WARN_EMPTY_BODY = YES;
				CLANG_WARN_ENUM_CONVERSION = YES;
				CLANG_WARN_INFINITE_RECURSION = YES;
				CLANG_WARN_INT_CONVERSION = YES;
				CLANG_WARN_OBJC_ROOT_CLASS = YES_ERROR;
				CLANG_WARN_SUSPICIOUS_MOVES = YES;
				CLANG_WARN_UNREACHABLE_CODE = YES;
				CLANG_WARN__DUPLICATE_METHOD_MATCH = YES;
				CODE_SIGN_IDENTITY = "-";
				COPY_PHASE_STRIP = NO;
				DEBUG_INFORMATION_FORMAT = "dwarf-with-dsym";
				ENABLE_NS_ASSERTIONS = NO;
				ENABLE_STRICT_OBJC_MSGSEND = YES;
				GCC_C_LANGUAGE_STANDARD = gnu99;
				GCC_NO_COMMON_BLOCKS = YES;
				GCC_WARN_64_TO_32_BIT_CONVERSION = YES;
				GCC_WARN_ABOUT_RETURN_TYPE = YES_ERROR;
				GCC_WARN_UNDECLARED_SELECTOR = YES;
				GCC_WARN_UNINITIALIZED_AUTOS = YES_AGGRESSIVE;
				GCC_WARN_UNUSED_FUNCTION = YES;
				GCC_WARN_UNUSED_VARIABLE = YES;
				MACOSX_DEPLOYMENT_TARGET = 10.12;
				MTL_ENABLE_DEBUG_INFO = NO;
				SDKROOT = macosx;
			};
			name = Release;
		};
		EEE7CA8B1E1D5CED002FBAF5 /* Debug */ = {
			isa = XCBuildConfiguration;
			buildSettings = {
				HEADER_SEARCH_PATHS = "../cAGE/**";
				PRODUCT_NAME = "$(TARGET_NAME)";
			};
			name = Debug;
		};
		EEE7CA8C1E1D5CED002FBAF5 /* Release */ = {
			isa = XCBuildConfiguration;
			buildSettings = {
				HEADER_SEARCH_PATHS = "../cAGE/**";
				PRODUCT_NAME = "$(TARGET_NAME)";
			};
			name = Release;
		};
/* End XCBuildConfiguration section */

/* Begin XCConfigurationList section */
		EEE7CA7E1E1D5CED002FBAF5 /* Build configuration list for PBXProject "Tests" */ = {
			isa = XCConfigurationList;
			buildConfigurations = (
				EEE7CA881E1D5CED002FBAF5 /* Debug */,
				EEE7CA891E1D5CED002FBAF5 /* Release */,
			);
			defaultConfigurationIsVisible = 0;
			defaultConfigurationName = Release;
		};
		EEE7CA8A1E1D5CED002FBAF5 /* Build configuration list for PBXNativeTarget "Tests" */ = {
			isa = XCConfigurationList;
			buildConfigurations = (
				EEE7CA8B1E1D5CED002FBAF5 /* Debug */,
				EEE7CA8C1E1D5CED002FBAF5 /* Release */,
			);
			defaultConfigurationIsVisible = 0;
			defaultConfigurationName = Release;
		};
/* End XCConfigurationList section */
	};
	rootObject = EEE7CA7B1E1D5CED002FBAF5 /* Project object */;
}
